
Microsoft Visual Studio Solution File, Format Version 12.00
# Visual Studio Version 17
VisualStudioVersion = 17.7.34031.279
MinimumVisualStudioVersion = 10.0.40219.1
Project("{9A19103F-16F7-4668-BE54-9A1E7A4F7556}") = "TestTasks (API).WEB", "TestTasks (API)\TestTasks (API).WEB.csproj", "{24191AAE-183D-4C82-8F11-C4E0DDA1153E}"
EndProject
Project("{9A19103F-16F7-4668-BE54-9A1E7A4F7556}") = "TestTasks (API).Domain", "TestTasks (API).Domain.Core\TestTasks (API).Domain.csproj", "{A859AC8E-E954-415E-93F6-08BAFA605167}"
EndProject
Project("{9A19103F-16F7-4668-BE54-9A1E7A4F7556}") = "TestTasks (API).Infrastr", "Infrastructure\TestTasks (API).Infrastr.csproj", "{DA98CFDF-7E74-47B3-B630-ED00E9566607}"
EndProject
Global
	GlobalSection(SolutionConfigurationPlatforms) = preSolution
		Debug|Any CPU = Debug|Any CPU
		Release|Any CPU = Release|Any CPU
	EndGlobalSection
	GlobalSection(ProjectConfigurationPlatforms) = postSolution
		{24191AAE-183D-4C82-8F11-C4E0DDA1153E}.Debug|Any CPU.ActiveCfg = Debug|Any CPU
		{24191AAE-183D-4C82-8F11-C4E0DDA1153E}.Debug|Any CPU.Build.0 = Debug|Any CPU
		{24191AAE-183D-4C82-8F11-C4E0DDA1153E}.Release|Any CPU.ActiveCfg = Release|Any CPU
		{24191AAE-183D-4C82-8F11-C4E0DDA1153E}.Release|Any CPU.Build.0 = Release|Any CPU
		{A859AC8E-E954-415E-93F6-08BAFA605167}.Debug|Any CPU.ActiveCfg = Debug|Any CPU
		{A859AC8E-E954-415E-93F6-08BAFA605167}.Debug|Any CPU.Build.0 = Debug|Any CPU
		{A859AC8E-E954-415E-93F6-08BAFA605167}.Release|Any CPU.ActiveCfg = Release|Any CPU
		{A859AC8E-E954-415E-93F6-08BAFA605167}.Release|Any CPU.Build.0 = Release|Any CPU
		{DA98CFDF-7E74-47B3-B630-ED00E9566607}.Debug|Any CPU.ActiveCfg = Debug|Any CPU
		{DA98CFDF-7E74-47B3-B630-ED00E9566607}.Debug|Any CPU.Build.0 = Debug|Any CPU
		{DA98CFDF-7E74-47B3-B630-ED00E9566607}.Release|Any CPU.ActiveCfg = Release|Any CPU
		{DA98CFDF-7E74-47B3-B630-ED00E9566607}.Release|Any CPU.Build.0 = Release|Any CPU
	EndGlobalSection
	GlobalSection(SolutionProperties) = preSolution
		HideSolutionNode = FALSE
	EndGlobalSection
	GlobalSection(ExtensibilityGlobals) = postSolution
		SolutionGuid = {7014DCBF-561C-42A7-B84F-1E431F77E857}
	EndGlobalSection
EndGlobal
